// !$*UTF8*$!
{
	archiveVersion = 1;
	classes = {
	};
	objectVersion = 56;
	objects = {

/* Begin PBXBuildFile section */
		D13210682BEF2DDA00AF6728 /* FilterViewModel.swift in Sources */ = {isa = PBXBuildFile; fileRef = D13210672BEF2DDA00AF6728 /* FilterViewModel.swift */; };
		D132106A2BEF2DF300AF6728 /* FilterItem.swift in Sources */ = {isa = PBXBuildFile; fileRef = D13210692BEF2DF300AF6728 /* FilterItem.swift */; };
		D132106C2BEF344800AF6728 /* SortViewModel.swift in Sources */ = {isa = PBXBuildFile; fileRef = D132106B2BEF344800AF6728 /* SortViewModel.swift */; };
		D132106E2BEF34A200AF6728 /* SortByView.swift in Sources */ = {isa = PBXBuildFile; fileRef = D132106D2BEF34A200AF6728 /* SortByView.swift */; };
		D13210702BEF40BC00AF6728 /* SelectedFilterView.swift in Sources */ = {isa = PBXBuildFile; fileRef = D132106F2BEF40BC00AF6728 /* SelectedFilterView.swift */; };
		D13210732BEF41D600AF6728 /* RadioListTile.swift in Sources */ = {isa = PBXBuildFile; fileRef = D13210722BEF41D600AF6728 /* RadioListTile.swift */; };
		D1B1EF1A2BEDA01800798A53 /* Filter_TaskApp.swift in Sources */ = {isa = PBXBuildFile; fileRef = D1B1EF192BEDA01800798A53 /* Filter_TaskApp.swift */; };
		D1B1EF1C2BEDA01800798A53 /* FilterView.swift in Sources */ = {isa = PBXBuildFile; fileRef = D1B1EF1B2BEDA01800798A53 /* FilterView.swift */; };
		D1B1EF1E2BEDA01A00798A53 /* Assets.xcassets in Resources */ = {isa = PBXBuildFile; fileRef = D1B1EF1D2BEDA01A00798A53 /* Assets.xcassets */; };
		D1B1EF212BEDA01A00798A53 /* Preview Assets.xcassets in Resources */ = {isa = PBXBuildFile; fileRef = D1B1EF202BEDA01A00798A53 /* Preview Assets.xcassets */; };
		D1DB42162BEDA0FA0050894E /* Constants.swift in Sources */ = {isa = PBXBuildFile; fileRef = D1DB42152BEDA0FA0050894E /* Constants.swift */; };
		D1DB421B2BEDA2B40050894E /* FilterOption.swift in Sources */ = {isa = PBXBuildFile; fileRef = D1DB421A2BEDA2B40050894E /* FilterOption.swift */; };
		D1DB421D2BEDBED90050894E /* Location.swift in Sources */ = {isa = PBXBuildFile; fileRef = D1DB421C2BEDBED90050894E /* Location.swift */; };
		D1DB421F2BEDBEF80050894E /* Taxonomy.swift in Sources */ = {isa = PBXBuildFile; fileRef = D1DB421E2BEDBEF80050894E /* Taxonomy.swift */; };
		D1DB42222BEDC6500050894E /* filters.json in Resources */ = {isa = PBXBuildFile; fileRef = D1DB42212BEDC6500050894E /* filters.json */; };
/* End PBXBuildFile section */

/* Begin PBXFileReference section */
		D13210672BEF2DDA00AF6728 /* FilterViewModel.swift */ = {isa = PBXFileReference; lastKnownFileType = sourcecode.swift; path = FilterViewModel.swift; sourceTree = "<group>"; };
		D13210692BEF2DF300AF6728 /* FilterItem.swift */ = {isa = PBXFileReference; lastKnownFileType = sourcecode.swift; path = FilterItem.swift; sourceTree = "<group>"; };
		D132106B2BEF344800AF6728 /* SortViewModel.swift */ = {isa = PBXFileReference; lastKnownFileType = sourcecode.swift; path = SortViewModel.swift; sourceTree = "<group>"; };
		D132106D2BEF34A200AF6728 /* SortByView.swift */ = {isa = PBXFileReference; lastKnownFileType = sourcecode.swift; path = SortByView.swift; sourceTree = "<group>"; };
		D132106F2BEF40BC00AF6728 /* SelectedFilterView.swift */ = {isa = PBXFileReference; lastKnownFileType = sourcecode.swift; path = SelectedFilterView.swift; sourceTree = "<group>"; };
		D13210722BEF41D600AF6728 /* RadioListTile.swift */ = {isa = PBXFileReference; lastKnownFileType = sourcecode.swift; path = RadioListTile.swift; sourceTree = "<group>"; };
		D1B1EF162BEDA01800798A53 /* Filter Task.app */ = {isa = PBXFileReference; explicitFileType = wrapper.application; includeInIndex = 0; path = "Filter Task.app"; sourceTree = BUILT_PRODUCTS_DIR; };
		D1B1EF192BEDA01800798A53 /* Filter_TaskApp.swift */ = {isa = PBXFileReference; lastKnownFileType = sourcecode.swift; path = Filter_TaskApp.swift; sourceTree = "<group>"; };
		D1B1EF1B2BEDA01800798A53 /* FilterView.swift */ = {isa = PBXFileReference; lastKnownFileType = sourcecode.swift; path = FilterView.swift; sourceTree = "<group>"; };
		D1B1EF1D2BEDA01A00798A53 /* Assets.xcassets */ = {isa = PBXFileReference; lastKnownFileType = folder.assetcatalog; path = Assets.xcassets; sourceTree = "<group>"; };
		D1B1EF202BEDA01A00798A53 /* Preview Assets.xcassets */ = {isa = PBXFileReference; lastKnownFileType = folder.assetcatalog; path = "Preview Assets.xcassets"; sourceTree = "<group>"; };
		D1DB42152BEDA0FA0050894E /* Constants.swift */ = {isa = PBXFileReference; lastKnownFileType = sourcecode.swift; path = Constants.swift; sourceTree = "<group>"; };
		D1DB421A2BEDA2B40050894E /* FilterOption.swift */ = {isa = PBXFileReference; lastKnownFileType = sourcecode.swift; path = FilterOption.swift; sourceTree = "<group>"; };
		D1DB421C2BEDBED90050894E /* Location.swift */ = {isa = PBXFileReference; lastKnownFileType = sourcecode.swift; path = Location.swift; sourceTree = "<group>"; };
		D1DB421E2BEDBEF80050894E /* Taxonomy.swift */ = {isa = PBXFileReference; lastKnownFileType = sourcecode.swift; path = Taxonomy.swift; sourceTree = "<group>"; };
		D1DB42212BEDC6500050894E /* filters.json */ = {isa = PBXFileReference; lastKnownFileType = text.json; path = filters.json; sourceTree = "<group>"; };
/* End PBXFileReference section */

/* Begin PBXFrameworksBuildPhase section */
		D1B1EF132BEDA01800798A53 /* Frameworks */ = {
			isa = PBXFrameworksBuildPhase;
			buildActionMask = 2147483647;
			files = (
			);
			runOnlyForDeploymentPostprocessing = 0;
		};
/* End PBXFrameworksBuildPhase section */

/* Begin PBXGroup section */
		D13210662BEF2DCE00AF6728 /* ViewModels */ = {
			isa = PBXGroup;
			children = (
				D13210672BEF2DDA00AF6728 /* FilterViewModel.swift */,
				D132106B2BEF344800AF6728 /* SortViewModel.swift */,
			);
			path = ViewModels;
			sourceTree = "<group>";
		};
		D13210712BEF40C500AF6728 /* Components */ = {
			isa = PBXGroup;
			children = (
				D132106D2BEF34A200AF6728 /* SortByView.swift */,
				D132106F2BEF40BC00AF6728 /* SelectedFilterView.swift */,
				D13210722BEF41D600AF6728 /* RadioListTile.swift */,
			);
			path = Components;
			sourceTree = "<group>";
		};
		D1B1EF0D2BEDA01800798A53 = {
			isa = PBXGroup;
			children = (
				D1B1EF182BEDA01800798A53 /* Filter Task */,
				D1B1EF172BEDA01800798A53 /* Products */,
			);
			sourceTree = "<group>";
		};
		D1B1EF172BEDA01800798A53 /* Products */ = {
			isa = PBXGroup;
			children = (
				D1B1EF162BEDA01800798A53 /* Filter Task.app */,
			);
			name = Products;
			sourceTree = "<group>";
		};
		D1B1EF182BEDA01800798A53 /* Filter Task */ = {
			isa = PBXGroup;
			children = (
				D1DB42112BEDA08C0050894E /* App */,
				D13210712BEF40C500AF6728 /* Components */,
				D1DB42142BEDA0EE0050894E /* Core */,
				D1DB42192BEDA1A00050894E /* Models */,
				D1DB42122BEDA0A00050894E /* Resources */,
				D13210662BEF2DCE00AF6728 /* ViewModels */,
				D1DB42132BEDA0E70050894E /* Views */,
			);
			path = "Filter Task";
			sourceTree = "<group>";
		};
		D1B1EF1F2BEDA01A00798A53 /* Preview Content */ = {
			isa = PBXGroup;
			children = (
				D1B1EF202BEDA01A00798A53 /* Preview Assets.xcassets */,
			);
			path = "Preview Content";
			sourceTree = "<group>";
		};
		D1DB42112BEDA08C0050894E /* App */ = {
			isa = PBXGroup;
			children = (
				D1B1EF192BEDA01800798A53 /* Filter_TaskApp.swift */,
			);
			path = App;
			sourceTree = "<group>";
		};
		D1DB42122BEDA0A00050894E /* Resources */ = {
			isa = PBXGroup;
			children = (
				D1B1EF1D2BEDA01A00798A53 /* Assets.xcassets */,
				D1B1EF1F2BEDA01A00798A53 /* Preview Content */,
				D1DB42212BEDC6500050894E /* filters.json */,
			);
			path = Resources;
			sourceTree = "<group>";
		};
		D1DB42132BEDA0E70050894E /* Views */ = {
			isa = PBXGroup;
			children = (
				D1B1EF1B2BEDA01800798A53 /* FilterView.swift */,
			);
			path = Views;
			sourceTree = "<group>";
		};
		D1DB42142BEDA0EE0050894E /* Core */ = {
			isa = PBXGroup;
			children = (
				D1DB42152BEDA0FA0050894E /* Constants.swift */,
			);
			path = Core;
			sourceTree = "<group>";
		};
		D1DB42192BEDA1A00050894E /* Models */ = {
			isa = PBXGroup;
			children = (
				D1DB421A2BEDA2B40050894E /* FilterOption.swift */,
				D1DB421C2BEDBED90050894E /* Location.swift */,
				D1DB421E2BEDBEF80050894E /* Taxonomy.swift */,
				D13210692BEF2DF300AF6728 /* FilterItem.swift */,
			);
			path = Models;
			sourceTree = "<group>";
		};
/* End PBXGroup section */

/* Begin PBXNativeTarget section */
		D1B1EF152BEDA01800798A53 /* Filter Task */ = {
			isa = PBXNativeTarget;
			buildConfigurationList = D1B1EF242BEDA01A00798A53 /* Build configuration list for PBXNativeTarget "Filter Task" */;
			buildPhases = (
				D1B1EF122BEDA01800798A53 /* Sources */,
				D1B1EF132BEDA01800798A53 /* Frameworks */,
				D1B1EF142BEDA01800798A53 /* Resources */,
			);
			buildRules = (
			);
			dependencies = (
			);
			name = "Filter Task";
			productName = "Filter Task";
			productReference = D1B1EF162BEDA01800798A53 /* Filter Task.app */;
			productType = "com.apple.product-type.application";
		};
/* End PBXNativeTarget section */

/* Begin PBXProject section */
		D1B1EF0E2BEDA01800798A53 /* Project object */ = {
			isa = PBXProject;
			attributes = {
				BuildIndependentTargetsInParallel = 1;
				LastSwiftUpdateCheck = 1530;
				LastUpgradeCheck = 1530;
				TargetAttributes = {
					D1B1EF152BEDA01800798A53 = {
						CreatedOnToolsVersion = 15.3;
					};
				};
			};
			buildConfigurationList = D1B1EF112BEDA01800798A53 /* Build configuration list for PBXProject "Filter Task" */;
			compatibilityVersion = "Xcode 14.0";
			developmentRegion = en;
			hasScannedForEncodings = 0;
			knownRegions = (
				en,
				Base,
			);
			mainGroup = D1B1EF0D2BEDA01800798A53;
			productRefGroup = D1B1EF172BEDA01800798A53 /* Products */;
			projectDirPath = "";
			projectRoot = "";
			targets = (
				D1B1EF152BEDA01800798A53 /* Filter Task */,
			);
		};
/* End PBXProject section */

/* Begin PBXResourcesBuildPhase section */
		D1B1EF142BEDA01800798A53 /* Resources */ = {
			isa = PBXResourcesBuildPhase;
			buildActionMask = 2147483647;
			files = (
				D1B1EF212BEDA01A00798A53 /* Preview Assets.xcassets in Resources */,
				D1DB42222BEDC6500050894E /* filters.json in Resources */,
				D1B1EF1E2BEDA01A00798A53 /* Assets.xcassets in Resources */,
			);
			runOnlyForDeploymentPostprocessing = 0;
		};
/* End PBXResourcesBuildPhase section */

/* Begin PBXSourcesBuildPhase section */
		D1B1EF122BEDA01800798A53 /* Sources */ = {
			isa = PBXSourcesBuildPhase;
			buildActionMask = 2147483647;
			files = (
				D132106A2BEF2DF300AF6728 /* FilterItem.swift in Sources */,
				D132106E2BEF34A200AF6728 /* SortByView.swift in Sources */,
				D13210682BEF2DDA00AF6728 /* FilterViewModel.swift in Sources */,
				D1DB421B2BEDA2B40050894E /* FilterOption.swift in Sources */,
				D1B1EF1C2BEDA01800798A53 /* FilterView.swift in Sources */,
				D132106C2BEF344800AF6728 /* SortViewModel.swift in Sources */,
				D13210702BEF40BC00AF6728 /* SelectedFilterView.swift in Sources */,
				D1DB421D2BEDBED90050894E /* Location.swift in Sources */,
				D1B1EF1A2BEDA01800798A53 /* Filter_TaskApp.swift in Sources */,
				D1DB421F2BEDBEF80050894E /* Taxonomy.swift in Sources */,
				D1DB42162BEDA0FA0050894E /* Constants.swift in Sources */,
				D13210732BEF41D600AF6728 /* RadioListTile.swift in Sources */,
			);
			runOnlyForDeploymentPostprocessing = 0;
		};
/* End PBXSourcesBuildPhase section */

/* Begin XCBuildConfiguration section */
		D1B1EF222BEDA01A00798A53 /* Debug */ = {
			isa = XCBuildConfiguration;
			buildSettings = {
				ALWAYS_SEARCH_USER_PATHS = NO;
				ASSETCATALOG_COMPILER_GENERATE_SWIFT_ASSET_SYMBOL_EXTENSIONS = YES;
				CLANG_ANALYZER_NONNULL = YES;
				CLANG_ANALYZER_NUMBER_OBJECT_CONVERSION = YES_AGGRESSIVE;
				CLANG_CXX_LANGUAGE_STANDARD = "gnu++20";
				CLANG_ENABLE_MODULES = YES;
				CLANG_ENABLE_OBJC_ARC = YES;
				CLANG_ENABLE_OBJC_WEAK = YES;
				CLANG_WARN_BLOCK_CAPTURE_AUTORELEASING = YES;
				CLANG_WARN_BOOL_CONVERSION = YES;
				CLANG_WARN_COMMA = YES;
				CLANG_WARN_CONSTANT_CONVERSION = YES;
				CLANG_WARN_DEPRECATED_OBJC_IMPLEMENTATIONS = YES;
				CLANG_WARN_DIRECT_OBJC_ISA_USAGE = YES_ERROR;
				CLANG_WARN_DOCUMENTATION_COMMENTS = YES;
				CLANG_WARN_EMPTY_BODY = YES;
				CLANG_WARN_ENUM_CONVERSION = YES;
				CLANG_WARN_INFINITE_RECURSION = YES;
				CLANG_WARN_INT_CONVERSION = YES;
				CLANG_WARN_NON_LITERAL_NULL_CONVERSION = YES;
				CLANG_WARN_OBJC_IMPLICIT_RETAIN_SELF = YES;
				CLANG_WARN_OBJC_LITERAL_CONVERSION = YES;
				CLANG_WARN_OBJC_ROOT_CLASS = YES_ERROR;
				CLANG_WARN_QUOTED_INCLUDE_IN_FRAMEWORK_HEADER = YES;
				CLANG_WARN_RANGE_LOOP_ANALYSIS = YES;
				CLANG_WARN_STRICT_PROTOTYPES = YES;
				CLANG_WARN_SUSPICIOUS_MOVE = YES;
				CLANG_WARN_UNGUARDED_AVAILABILITY = YES_AGGRESSIVE;
				CLANG_WARN_UNREACHABLE_CODE = YES;
				CLANG_WARN__DUPLICATE_METHOD_MATCH = YES;
				COPY_PHASE_STRIP = NO;
				DEBUG_INFORMATION_FORMAT = dwarf;
				ENABLE_STRICT_OBJC_MSGSEND = YES;
				ENABLE_TESTABILITY = YES;
				ENABLE_USER_SCRIPT_SANDBOXING = YES;
				GCC_C_LANGUAGE_STANDARD = gnu17;
				GCC_DYNAMIC_NO_PIC = NO;
				GCC_NO_COMMON_BLOCKS = YES;
				GCC_OPTIMIZATION_LEVEL = 0;
				GCC_PREPROCESSOR_DEFINITIONS = (
					"DEBUG=1",
					"$(inherited)",
				);
				GCC_WARN_64_TO_32_BIT_CONVERSION = YES;
				GCC_WARN_ABOUT_RETURN_TYPE = YES_ERROR;
				GCC_WARN_UNDECLARED_SELECTOR = YES;
				GCC_WARN_UNINITIALIZED_AUTOS = YES_AGGRESSIVE;
				GCC_WARN_UNUSED_FUNCTION = YES;
				GCC_WARN_UNUSED_VARIABLE = YES;
				IPHONEOS_DEPLOYMENT_TARGET = 17.4;
				LOCALIZATION_PREFERS_STRING_CATALOGS = YES;
				MTL_ENABLE_DEBUG_INFO = INCLUDE_SOURCE;
				MTL_FAST_MATH = YES;
				ONLY_ACTIVE_ARCH = YES;
				SDKROOT = iphoneos;
				SWIFT_ACTIVE_COMPILATION_CONDITIONS = "DEBUG $(inherited)";
				SWIFT_OPTIMIZATION_LEVEL = "-Onone";
			};
			name = Debug;
		};
		D1B1EF232BEDA01A00798A53 /* Release */ = {
			isa = XCBuildConfiguration;
			buildSettings = {
				ALWAYS_SEARCH_USER_PATHS = NO;
				ASSETCATALOG_COMPILER_GENERATE_SWIFT_ASSET_SYMBOL_EXTENSIONS = YES;
				CLANG_ANALYZER_NONNULL = YES;
				CLANG_ANALYZER_NUMBER_OBJECT_CONVERSION = YES_AGGRESSIVE;
				CLANG_CXX_LANGUAGE_STANDARD = "gnu++20";
				CLANG_ENABLE_MODULES = YES;
				CLANG_ENABLE_OBJC_ARC = YES;
				CLANG_ENABLE_OBJC_WEAK = YES;
				CLANG_WARN_BLOCK_CAPTURE_AUTORELEASING = YES;
				CLANG_WARN_BOOL_CONVERSION = YES;
				CLANG_WARN_COMMA = YES;
				CLANG_WARN_CONSTANT_CONVERSION = YES;
				CLANG_WARN_DEPRECATED_OBJC_IMPLEMENTATIONS = YES;
				CLANG_WARN_DIRECT_OBJC_ISA_USAGE = YES_ERROR;
				CLANG_WARN_DOCUMENTATION_COMMENTS = YES;
				CLANG_WARN_EMPTY_BODY = YES;
				CLANG_WARN_ENUM_CONVERSION = YES;
				CLANG_WARN_INFINITE_RECURSION = YES;
				CLANG_WARN_INT_CONVERSION = YES;
				CLANG_WARN_NON_LITERAL_NULL_CONVERSION = YES;
				CLANG_WARN_OBJC_IMPLICIT_RETAIN_SELF = YES;
				CLANG_WARN_OBJC_LITERAL_CONVERSION = YES;
				CLANG_WARN_OBJC_ROOT_CLASS = YES_ERROR;
				CLANG_WARN_QUOTED_INCLUDE_IN_FRAMEWORK_HEADER = YES;
				CLANG_WARN_RANGE_LOOP_ANALYSIS = YES;
				CLANG_WARN_STRICT_PROTOTYPES = YES;
				CLANG_WARN_SUSPICIOUS_MOVE = YES;
				CLANG_WARN_UNGUARDED_AVAILABILITY = YES_AGGRESSIVE;
				CLANG_WARN_UNREACHABLE_CODE = YES;
				CLANG_WARN__DUPLICATE_METHOD_MATCH = YES;
				COPY_PHASE_STRIP = NO;
				DEBUG_INFORMATION_FORMAT = "dwarf-with-dsym";
				ENABLE_NS_ASSERTIONS = NO;
				ENABLE_STRICT_OBJC_MSGSEND = YES;
				ENABLE_USER_SCRIPT_SANDBOXING = YES;
				GCC_C_LANGUAGE_STANDARD = gnu17;
				GCC_NO_COMMON_BLOCKS = YES;
				GCC_WARN_64_TO_32_BIT_CONVERSION = YES;
				GCC_WARN_ABOUT_RETURN_TYPE = YES_ERROR;
				GCC_WARN_UNDECLARED_SELECTOR = YES;
				GCC_WARN_UNINITIALIZED_AUTOS = YES_AGGRESSIVE;
				GCC_WARN_UNUSED_FUNCTION = YES;
				GCC_WARN_UNUSED_VARIABLE = YES;
				IPHONEOS_DEPLOYMENT_TARGET = 17.4;
				LOCALIZATION_PREFERS_STRING_CATALOGS = YES;
				MTL_ENABLE_DEBUG_INFO = NO;
				MTL_FAST_MATH = YES;
				SDKROOT = iphoneos;
				SWIFT_COMPILATION_MODE = wholemodule;
				VALIDATE_PRODUCT = YES;
			};
			name = Release;
		};
		D1B1EF252BEDA01A00798A53 /* Debug */ = {
			isa = XCBuildConfiguration;
			buildSettings = {
				ASSETCATALOG_COMPILER_APPICON_NAME = AppIcon;
				ASSETCATALOG_COMPILER_GLOBAL_ACCENT_COLOR_NAME = AccentColor;
				CODE_SIGN_STYLE = Automatic;
				CURRENT_PROJECT_VERSION = 1;
				DEVELOPMENT_ASSET_PATHS = "\"Filter Task/Resources/Preview Content\"";
				DEVELOPMENT_TEAM = TP7932CSD5;
				ENABLE_PREVIEWS = YES;
				GENERATE_INFOPLIST_FILE = YES;
				INFOPLIST_KEY_UIApplicationSceneManifest_Generation = YES;
				INFOPLIST_KEY_UIApplicationSupportsIndirectInputEvents = YES;
				INFOPLIST_KEY_UILaunchScreen_Generation = YES;
				INFOPLIST_KEY_UISupportedInterfaceOrientations_iPad = "UIInterfaceOrientationPortrait UIInterfaceOrientationPortraitUpsideDown UIInterfaceOrientationLandscapeLeft UIInterfaceOrientationLandscapeRight";
				INFOPLIST_KEY_UISupportedInterfaceOrientations_iPhone = "UIInterfaceOrientationPortrait UIInterfaceOrientationLandscapeLeft UIInterfaceOrientationLandscapeRight";
				LD_RUNPATH_SEARCH_PATHS = (
					"$(inherited)",
					"@executable_path/Frameworks",
				);
				MARKETING_VERSION = 1.0;
				PRODUCT_BUNDLE_IDENTIFIER = "dev.vinothvino.Filter-Task";
				PRODUCT_NAME = "$(TARGET_NAME)";
				SWIFT_EMIT_LOC_STRINGS = YES;
				SWIFT_VERSION = 5.0;
				TARGETED_DEVICE_FAMILY = "1,2";
			};
			name = Debug;
		};
		D1B1EF262BEDA01A00798A53 /* Release */ = {
			isa = XCBuildConfiguration;
			buildSettings = {
				ASSETCATALOG_COMPILER_APPICON_NAME = AppIcon;
				ASSETCATALOG_COMPILER_GLOBAL_ACCENT_COLOR_NAME = AccentColor;
				CODE_SIGN_STYLE = Automatic;
				CURRENT_PROJECT_VERSION = 1;
				DEVELOPMENT_ASSET_PATHS = "\"Filter Task/Resources/Preview Content\"";
				DEVELOPMENT_TEAM = TP7932CSD5;
				ENABLE_PREVIEWS = YES;
				GENERATE_INFOPLIST_FILE = YES;
				INFOPLIST_KEY_UIApplicationSceneManifest_Generation = YES;
				INFOPLIST_KEY_UIApplicationSupportsIndirectInputEvents = YES;
				INFOPLIST_KEY_UILaunchScreen_Generation = YES;
				INFOPLIST_KEY_UISupportedInterfaceOrientations_iPad = "UIInterfaceOrientationPortrait UIInterfaceOrientationPortraitUpsideDown UIInterfaceOrientationLandscapeLeft UIInterfaceOrientationLandscapeRight";
				INFOPLIST_KEY_UISupportedInterfaceOrientations_iPhone = "UIInterfaceOrientationPortrait UIInterfaceOrientationLandscapeLeft UIInterfaceOrientationLandscapeRight";
				LD_RUNPATH_SEARCH_PATHS = (
					"$(inherited)",
					"@executable_path/Frameworks",
				);
				MARKETING_VERSION = 1.0;
				PRODUCT_BUNDLE_IDENTIFIER = "dev.vinothvino.Filter-Task";
				PRODUCT_NAME = "$(TARGET_NAME)";
				SWIFT_EMIT_LOC_STRINGS = YES;
				SWIFT_VERSION = 5.0;
				TARGETED_DEVICE_FAMILY = "1,2";
			};
			name = Release;
		};
/* End XCBuildConfiguration section */

/* Begin XCConfigurationList section */
		D1B1EF112BEDA01800798A53 /* Build configuration list for PBXProject "Filter Task" */ = {
			isa = XCConfigurationList;
			buildConfigurations = (
				D1B1EF222BEDA01A00798A53 /* Debug */,
				D1B1EF232BEDA01A00798A53 /* Release */,
			);
			defaultConfigurationIsVisible = 0;
			defaultConfigurationName = Release;
		};
		D1B1EF242BEDA01A00798A53 /* Build configuration list for PBXNativeTarget "Filter Task" */ = {
			isa = XCConfigurationList;
			buildConfigurations = (
				D1B1EF252BEDA01A00798A53 /* Debug */,
				D1B1EF262BEDA01A00798A53 /* Release */,
			);
			defaultConfigurationIsVisible = 0;
			defaultConfigurationName = Release;
		};
/* End XCConfigurationList section */
	};
	rootObject = D1B1EF0E2BEDA01800798A53 /* Project object */;
}
